
Microsoft Visual Studio Solution File, Format Version 12.00
# Visual Studio Version 17
VisualStudioVersion = 17.0.31903.59
MinimumVisualStudioVersion = 10.0.40219.1
Project("{2150E333-8FDC-42A3-9474-1A3956D46DE8}") = "utils", "utils", "{30DD74B6-672B-4062-AD54-359D04C1695D}"
EndProject
Project("{2150E333-8FDC-42A3-9474-1A3956D46DE8}") = "csharp", "csharp", "{81CB2E07-6120-488C-86A9-5B7CDE0E8127}"
EndProject
Project("{9A19103F-16F7-4668-BE54-9A1E7A4F7556}") = "Utils", "utils\csharp\Utils\Utils.csproj", "{665C420A-96E0-4B74-8E4A-C1EAB2E36518}"
EndProject
Project("{2150E333-8FDC-42A3-9474-1A3956D46DE8}") = "2022", "2022", "{090A80FF-6785-4B79-82FD-208E747C9725}"
EndProject
Project("{2150E333-8FDC-42A3-9474-1A3956D46DE8}") = "csharp", "csharp", "{BBD2F255-794C-45F3-B7AF-126E7ED86777}"
EndProject
Project("{9A19103F-16F7-4668-BE54-9A1E7A4F7556}") = "Day9", "2022\csharp\Day9\Day9.csproj", "{A6846FB7-7E6B-437A-83B1-4D9CC1E7B834}"
EndProject
Project("{9A19103F-16F7-4668-BE54-9A1E7A4F7556}") = "Day10", "2022\csharp\Day10\Day10.csproj", "{0E757CE1-C85E-4492-875C-5D26683A747C}"
EndProject
Project("{9A19103F-16F7-4668-BE54-9A1E7A4F7556}") = "Day11", "2022\csharp\Day11\Day11.csproj", "{DC840411-E3B7-40F2-B6ED-D7C6FEF7B90A}"
EndProject
Project("{9A19103F-16F7-4668-BE54-9A1E7A4F7556}") = "Day12", "2022\csharp\Day12\Day12.csproj", "{213DA63C-083D-4939-A359-0EAA7642B656}"
EndProject
Project("{2150E333-8FDC-42A3-9474-1A3956D46DE8}") = "2023", "2023", "{92A02F21-F1AF-4B89-BD4E-58151F970ED8}"
EndProject
Project("{2150E333-8FDC-42A3-9474-1A3956D46DE8}") = "csharp", "csharp", "{B545F8A9-3C65-4C61-9AF9-30700DED263D}"
EndProject
Project("{9A19103F-16F7-4668-BE54-9A1E7A4F7556}") = "Day1", "2023\csharp\Day1\Day1.csproj", "{67948FB4-576D-4AE4-BA42-BF9CEDD9B6A3}"
EndProject
Project("{9A19103F-16F7-4668-BE54-9A1E7A4F7556}") = "TestingDay1", "2023\csharp\TestingDay1\TestingDay1.csproj", "{1AB31734-E072-4153-B445-97028B526D96}"
EndProject
Project("{FAE04EC0-301F-11D3-BF4B-00C04F79EFBC}") = "TestingDay2", "2023\csharp\TestingDay2\TestingDay2.csproj", "{3962DC60-1A71-4937-948D-B0E9AD15F393}"
EndProject
Project("{FAE04EC0-301F-11D3-BF4B-00C04F79EFBC}") = "Day2", "2023\csharp\Day2\Day2.csproj", "{640B9249-6D11-4321-9BBF-F5BACDBF0C42}"
EndProject
Project("{FAE04EC0-301F-11D3-BF4B-00C04F79EFBC}") = "Day3", "2023\csharp\Day3\Day3.csproj", "{2B5A30A8-FB85-494C-BDF8-961147B3A685}"
EndProject
Project("{FAE04EC0-301F-11D3-BF4B-00C04F79EFBC}") = "TestingDay3", "2023\csharp\TestingDay3\TestingDay3.csproj", "{08E5A2A6-8049-4F75-A89F-FAE68B4A5CA1}"
EndProject
Project("{FAE04EC0-301F-11D3-BF4B-00C04F79EFBC}") = "Day4", "2023\csharp\Day4\Day4.csproj", "{97802E04-7799-4498-94C2-4E3B976C229A}"
EndProject
Project("{FAE04EC0-301F-11D3-BF4B-00C04F79EFBC}") = "TestingDay4", "2023\csharp\TestingDay4\TestingDay4.csproj", "{6E3B90E3-0870-41D4-AAA3-0D84102D2E25}"
EndProject
Project("{FAE04EC0-301F-11D3-BF4B-00C04F79EFBC}") = "Day7", "2023\csharp\Day7\Day7.csproj", "{2CB27992-8F34-4773-99B3-3C8B143B4305}"
EndProject
Project("{FAE04EC0-301F-11D3-BF4B-00C04F79EFBC}") = "TestingDay7", "2023\csharp\TestingDay7\TestingDay7.csproj", "{73A343C5-0767-424D-A5F9-233AA58FC270}"
EndProject
Global
	GlobalSection(SolutionConfigurationPlatforms) = preSolution
		Debug|Any CPU = Debug|Any CPU
		Release|Any CPU = Release|Any CPU
	EndGlobalSection
	GlobalSection(ProjectConfigurationPlatforms) = postSolution
		{665C420A-96E0-4B74-8E4A-C1EAB2E36518}.Debug|Any CPU.ActiveCfg = Debug|Any CPU
		{665C420A-96E0-4B74-8E4A-C1EAB2E36518}.Debug|Any CPU.Build.0 = Debug|Any CPU
		{665C420A-96E0-4B74-8E4A-C1EAB2E36518}.Release|Any CPU.ActiveCfg = Release|Any CPU
		{665C420A-96E0-4B74-8E4A-C1EAB2E36518}.Release|Any CPU.Build.0 = Release|Any CPU
		{A6846FB7-7E6B-437A-83B1-4D9CC1E7B834}.Debug|Any CPU.ActiveCfg = Debug|Any CPU
		{A6846FB7-7E6B-437A-83B1-4D9CC1E7B834}.Debug|Any CPU.Build.0 = Debug|Any CPU
		{A6846FB7-7E6B-437A-83B1-4D9CC1E7B834}.Release|Any CPU.ActiveCfg = Release|Any CPU
		{A6846FB7-7E6B-437A-83B1-4D9CC1E7B834}.Release|Any CPU.Build.0 = Release|Any CPU
		{0E757CE1-C85E-4492-875C-5D26683A747C}.Debug|Any CPU.ActiveCfg = Debug|Any CPU
		{0E757CE1-C85E-4492-875C-5D26683A747C}.Debug|Any CPU.Build.0 = Debug|Any CPU
		{0E757CE1-C85E-4492-875C-5D26683A747C}.Release|Any CPU.ActiveCfg = Release|Any CPU
		{0E757CE1-C85E-4492-875C-5D26683A747C}.Release|Any CPU.Build.0 = Release|Any CPU
		{DC840411-E3B7-40F2-B6ED-D7C6FEF7B90A}.Debug|Any CPU.ActiveCfg = Debug|Any CPU
		{DC840411-E3B7-40F2-B6ED-D7C6FEF7B90A}.Debug|Any CPU.Build.0 = Debug|Any CPU
		{DC840411-E3B7-40F2-B6ED-D7C6FEF7B90A}.Release|Any CPU.ActiveCfg = Release|Any CPU
		{DC840411-E3B7-40F2-B6ED-D7C6FEF7B90A}.Release|Any CPU.Build.0 = Release|Any CPU
		{213DA63C-083D-4939-A359-0EAA7642B656}.Debug|Any CPU.ActiveCfg = Debug|Any CPU
		{213DA63C-083D-4939-A359-0EAA7642B656}.Debug|Any CPU.Build.0 = Debug|Any CPU
		{213DA63C-083D-4939-A359-0EAA7642B656}.Release|Any CPU.ActiveCfg = Release|Any CPU
		{213DA63C-083D-4939-A359-0EAA7642B656}.Release|Any CPU.Build.0 = Release|Any CPU
		{67948FB4-576D-4AE4-BA42-BF9CEDD9B6A3}.Debug|Any CPU.ActiveCfg = Debug|Any CPU
		{67948FB4-576D-4AE4-BA42-BF9CEDD9B6A3}.Debug|Any CPU.Build.0 = Debug|Any CPU
		{67948FB4-576D-4AE4-BA42-BF9CEDD9B6A3}.Release|Any CPU.ActiveCfg = Release|Any CPU
		{67948FB4-576D-4AE4-BA42-BF9CEDD9B6A3}.Release|Any CPU.Build.0 = Release|Any CPU
		{1AB31734-E072-4153-B445-97028B526D96}.Debug|Any CPU.ActiveCfg = Debug|Any CPU
		{1AB31734-E072-4153-B445-97028B526D96}.Debug|Any CPU.Build.0 = Debug|Any CPU
		{1AB31734-E072-4153-B445-97028B526D96}.Release|Any CPU.ActiveCfg = Release|Any CPU
		{1AB31734-E072-4153-B445-97028B526D96}.Release|Any CPU.Build.0 = Release|Any CPU
		{3962DC60-1A71-4937-948D-B0E9AD15F393}.Debug|Any CPU.ActiveCfg = Debug|Any CPU
		{3962DC60-1A71-4937-948D-B0E9AD15F393}.Debug|Any CPU.Build.0 = Debug|Any CPU
		{3962DC60-1A71-4937-948D-B0E9AD15F393}.Release|Any CPU.ActiveCfg = Release|Any CPU
		{3962DC60-1A71-4937-948D-B0E9AD15F393}.Release|Any CPU.Build.0 = Release|Any CPU
		{640B9249-6D11-4321-9BBF-F5BACDBF0C42}.Debug|Any CPU.ActiveCfg = Debug|Any CPU
		{640B9249-6D11-4321-9BBF-F5BACDBF0C42}.Debug|Any CPU.Build.0 = Debug|Any CPU
		{640B9249-6D11-4321-9BBF-F5BACDBF0C42}.Release|Any CPU.ActiveCfg = Release|Any CPU
		{640B9249-6D11-4321-9BBF-F5BACDBF0C42}.Release|Any CPU.Build.0 = Release|Any CPU
		{2B5A30A8-FB85-494C-BDF8-961147B3A685}.Debug|Any CPU.ActiveCfg = Debug|Any CPU
		{2B5A30A8-FB85-494C-BDF8-961147B3A685}.Debug|Any CPU.Build.0 = Debug|Any CPU
		{2B5A30A8-FB85-494C-BDF8-961147B3A685}.Release|Any CPU.ActiveCfg = Release|Any CPU
		{2B5A30A8-FB85-494C-BDF8-961147B3A685}.Release|Any CPU.Build.0 = Release|Any CPU
		{08E5A2A6-8049-4F75-A89F-FAE68B4A5CA1}.Debug|Any CPU.ActiveCfg = Debug|Any CPU
		{08E5A2A6-8049-4F75-A89F-FAE68B4A5CA1}.Debug|Any CPU.Build.0 = Debug|Any CPU
		{08E5A2A6-8049-4F75-A89F-FAE68B4A5CA1}.Release|Any CPU.ActiveCfg = Release|Any CPU
		{08E5A2A6-8049-4F75-A89F-FAE68B4A5CA1}.Release|Any CPU.Build.0 = Release|Any CPU
		{97802E04-7799-4498-94C2-4E3B976C229A}.Debug|Any CPU.ActiveCfg = Debug|Any CPU
		{97802E04-7799-4498-94C2-4E3B976C229A}.Debug|Any CPU.Build.0 = Debug|Any CPU
		{97802E04-7799-4498-94C2-4E3B976C229A}.Release|Any CPU.ActiveCfg = Release|Any CPU
		{97802E04-7799-4498-94C2-4E3B976C229A}.Release|Any CPU.Build.0 = Release|Any CPU
		{6E3B90E3-0870-41D4-AAA3-0D84102D2E25}.Debug|Any CPU.ActiveCfg = Debug|Any CPU
		{6E3B90E3-0870-41D4-AAA3-0D84102D2E25}.Debug|Any CPU.Build.0 = Debug|Any CPU
		{6E3B90E3-0870-41D4-AAA3-0D84102D2E25}.Release|Any CPU.ActiveCfg = Release|Any CPU
		{6E3B90E3-0870-41D4-AAA3-0D84102D2E25}.Release|Any CPU.Build.0 = Release|Any CPU
		{2CB27992-8F34-4773-99B3-3C8B143B4305}.Debug|Any CPU.ActiveCfg = Debug|Any CPU
		{2CB27992-8F34-4773-99B3-3C8B143B4305}.Debug|Any CPU.Build.0 = Debug|Any CPU
		{2CB27992-8F34-4773-99B3-3C8B143B4305}.Release|Any CPU.ActiveCfg = Release|Any CPU
		{2CB27992-8F34-4773-99B3-3C8B143B4305}.Release|Any CPU.Build.0 = Release|Any CPU
		{73A343C5-0767-424D-A5F9-233AA58FC270}.Debug|Any CPU.ActiveCfg = Debug|Any CPU
		{73A343C5-0767-424D-A5F9-233AA58FC270}.Debug|Any CPU.Build.0 = Debug|Any CPU
		{73A343C5-0767-424D-A5F9-233AA58FC270}.Release|Any CPU.ActiveCfg = Release|Any CPU
		{73A343C5-0767-424D-A5F9-233AA58FC270}.Release|Any CPU.Build.0 = Release|Any CPU
	EndGlobalSection
	GlobalSection(SolutionProperties) = preSolution
		HideSolutionNode = FALSE
	EndGlobalSection
	GlobalSection(NestedProjects) = preSolution
		{81CB2E07-6120-488C-86A9-5B7CDE0E8127} = {30DD74B6-672B-4062-AD54-359D04C1695D}
		{665C420A-96E0-4B74-8E4A-C1EAB2E36518} = {81CB2E07-6120-488C-86A9-5B7CDE0E8127}
		{BBD2F255-794C-45F3-B7AF-126E7ED86777} = {090A80FF-6785-4B79-82FD-208E747C9725}
		{A6846FB7-7E6B-437A-83B1-4D9CC1E7B834} = {BBD2F255-794C-45F3-B7AF-126E7ED86777}
		{0E757CE1-C85E-4492-875C-5D26683A747C} = {BBD2F255-794C-45F3-B7AF-126E7ED86777}
		{DC840411-E3B7-40F2-B6ED-D7C6FEF7B90A} = {BBD2F255-794C-45F3-B7AF-126E7ED86777}
		{213DA63C-083D-4939-A359-0EAA7642B656} = {BBD2F255-794C-45F3-B7AF-126E7ED86777}
		{B545F8A9-3C65-4C61-9AF9-30700DED263D} = {92A02F21-F1AF-4B89-BD4E-58151F970ED8}
		{67948FB4-576D-4AE4-BA42-BF9CEDD9B6A3} = {B545F8A9-3C65-4C61-9AF9-30700DED263D}
		{1AB31734-E072-4153-B445-97028B526D96} = {B545F8A9-3C65-4C61-9AF9-30700DED263D}
		{3962DC60-1A71-4937-948D-B0E9AD15F393} = {B545F8A9-3C65-4C61-9AF9-30700DED263D}
		{640B9249-6D11-4321-9BBF-F5BACDBF0C42} = {B545F8A9-3C65-4C61-9AF9-30700DED263D}
		{2B5A30A8-FB85-494C-BDF8-961147B3A685} = {B545F8A9-3C65-4C61-9AF9-30700DED263D}
		{08E5A2A6-8049-4F75-A89F-FAE68B4A5CA1} = {B545F8A9-3C65-4C61-9AF9-30700DED263D}
		{97802E04-7799-4498-94C2-4E3B976C229A} = {B545F8A9-3C65-4C61-9AF9-30700DED263D}
		{6E3B90E3-0870-41D4-AAA3-0D84102D2E25} = {B545F8A9-3C65-4C61-9AF9-30700DED263D}
		{2CB27992-8F34-4773-99B3-3C8B143B4305} = {B545F8A9-3C65-4C61-9AF9-30700DED263D}
		{73A343C5-0767-424D-A5F9-233AA58FC270} = {B545F8A9-3C65-4C61-9AF9-30700DED263D}
	EndGlobalSection
	GlobalSection(ExtensibilityGlobals) = postSolution
		SolutionGuid = {B965C424-742E-45E3-ABF7-A253AFEF489E}
	EndGlobalSection
EndGlobal
